dependencies:
  espressif/esp_tinyusb:
    component_hash: 6cc731885fb4415c1dfc63e660ee5629077c3b7352e7a5eccd035586f65bca11
    dependencies:
    - name: idf
      require: private
      version: '>=5.0'
    - name: espressif/tinyusb
      registry_url: https://components.espressif.com
      require: public
      version: '>=0.17.0~2'
    source:
      registry_url: https://components.espressif.com/
      type: service
    targets:
    - esp32s2
    - esp32s3
    - esp32p4
    - esp32h4
    version: 2.1.0
  espressif/tinyusb:
    component_hash: a72b7d67472914ab76309340fd50d578b31e310963d45ad0f81144bde3314752
    dependencies:
    - name: idf
      require: private
      version: '>=5.0'
    source:
      registry_url: https://components.espressif.com
      type: service
    targets:
    - esp32s2
    - esp32s3
    - esp32p4
    - esp32h4
    - esp32s31
    version: 0.21.0~1
  idf:
    source:
      type: idf
    version: 6.0.2
direct_dependencies:
- espressif/esp_tinyusb
- idf
manifest_hash: 728f8c9b0d0f24770f8f2b5916ccfa0a7919f0144b1c0694319d0a1cca9b26d9
target: esp32s3
version: 3.0.0
